
Microsoft Visual Studio Solution File, Format Version 12.00
# Visual Studio Version 17
VisualStudioVersion = 17.13.35825.156 d17.13
MinimumVisualStudioVersion = 10.0.40219.1
Project("{FAE04EC0-301F-11D3-BF4B-00C04F79EFBC}") = "AppMinhasCompras", "AppMinhasCompras\AppMinhasCompras.csproj", "{2D79DF92-FA31-4D95-A787-18EA0E521973}"
EndProject
Global
	GlobalSection(SolutionConfigurationPlatforms) = preSolution
		Debug|Any CPU = Debug|Any CPU
		Release|Any CPU = Release|Any CPU
	EndGlobalSection
	GlobalSection(ProjectConfigurationPlatforms) = postSolution
		{2D79DF92-FA31-4D95-A787-18EA0E521973}.Debug|Any CPU.ActiveCfg = Debug|Any CPU
		{2D79DF92-FA31-4D95-A787-18EA0E521973}.Debug|Any CPU.Build.0 = Debug|Any CPU
		{2D79DF92-FA31-4D95-A787-18EA0E521973}.Debug|Any CPU.Deploy.0 = Debug|Any CPU
		{2D79DF92-FA31-4D95-A787-18EA0E521973}.Release|Any CPU.ActiveCfg = Release|Any CPU
		{2D79DF92-FA31-4D95-A787-18EA0E521973}.Release|Any CPU.Build.0 = Release|Any CPU
		{2D79DF92-FA31-4D95-A787-18EA0E521973}.Release|Any CPU.Deploy.0 = Release|Any CPU
	EndGlobalSection
	GlobalSection(SolutionProperties) = preSolution
		HideSolutionNode = FALSE
	EndGlobalSection
	GlobalSection(ExtensibilityGlobals) = postSolution
		SolutionGuid = {E0110FBD-2453-46CD-BE3C-46B28E6D02DE}
	EndGlobalSection
EndGlobal
